
Microsoft Visual Studio Solution File, Format Version 11.00
# Visual Studio 2010
Project("{FAE04EC0-301F-11D3-BF4B-00C04F79EFBC}") = "Assembly-CSharp", "Assembly-CSharp.csproj", "{4fd550ad-9c08-2282-9aca-d05278afb887}"
EndProject
Project("{FAE04EC0-301F-11D3-BF4B-00C04F79EFBC}") = "Assembly-CSharp-Editor", "Assembly-CSharp-Editor.csproj", "{ca8fb09a-4e8f-5703-1b0b-a2c731873002}"
EndProject
Global
	GlobalSection(SolutionConfigurationPlatforms) = preSolution
		Debug|Any CPU = Debug|Any CPU
	EndGlobalSection
	GlobalSection(ProjectConfigurationPlatforms) = postSolution
		{4fd550ad-9c08-2282-9aca-d05278afb887}.Debug|Any CPU.ActiveCfg = Debug|Any CPU
		{4fd550ad-9c08-2282-9aca-d05278afb887}.Debug|Any CPU.Build.0 = Debug|Any CPU
		{ca8fb09a-4e8f-5703-1b0b-a2c731873002}.Debug|Any CPU.ActiveCfg = Debug|Any CPU
		{ca8fb09a-4e8f-5703-1b0b-a2c731873002}.Debug|Any CPU.Build.0 = Debug|Any CPU
	EndGlobalSection
	GlobalSection(SolutionProperties) = preSolution
		HideSolutionNode = FALSE
	EndGlobalSection
EndGlobal
